{
  "version": 2,
  "packages": {
    "yaml": {
      "version": "2.2.0",
      "vcsRevision": "9e43c0ab26381889a3d932b1e811def60f7408e1",
      "url": "https://github.com/flyx/NimYAML",
      "downloadMethod": "git",
      "dependencies": [],
      "checksums": {
        "sha1": "1f85746f3c7e692f8814296c7aff786e2b7dbf5e"
      }
    }
  },
  "tasks": {}
}
